
Microsoft Visual Studio Solution File, Format Version 12.00
# Visual Studio Version 17
VisualStudioVersion = 17.6.33801.468
MinimumVisualStudioVersion = 10.0.40219.1
Project("{9A19103F-16F7-4668-BE54-9A1E7A4F7556}") = "AISApp", "AISApp\AISApp.csproj", "{37189F34-DAC0-4DC8-8DFF-4256FFD58767}"
EndProject
Project("{2150E333-8FDC-42A3-9474-1A3956D46DE8}") = "Solution Items", "Solution Items", "{77D632BE-9EC3-40D9-8976-D6CD7AF404CC}"
	ProjectSection(SolutionItems) = preProject
		.editorconfig = .editorconfig
	EndProjectSection
EndProject
Global
	GlobalSection(SolutionConfigurationPlatforms) = preSolution
		Debug|Any CPU = Debug|Any CPU
		Release|Any CPU = Release|Any CPU
	EndGlobalSection
	GlobalSection(ProjectConfigurationPlatforms) = postSolution
		{37189F34-DAC0-4DC8-8DFF-4256FFD58767}.Debug|Any CPU.ActiveCfg = Debug|Any CPU
		{37189F34-DAC0-4DC8-8DFF-4256FFD58767}.Debug|Any CPU.Build.0 = Debug|Any CPU
		{37189F34-DAC0-4DC8-8DFF-4256FFD58767}.Release|Any CPU.ActiveCfg = Release|Any CPU
		{37189F34-DAC0-4DC8-8DFF-4256FFD58767}.Release|Any CPU.Build.0 = Release|Any CPU
	EndGlobalSection
	GlobalSection(SolutionProperties) = preSolution
		HideSolutionNode = FALSE
	EndGlobalSection
	GlobalSection(ExtensibilityGlobals) = postSolution
		SolutionGuid = {06EAEA8A-58F0-4063-AA39-E3292CFACDD9}
	EndGlobalSection
EndGlobal
